// !$*UTF8*$!
{
	archiveVersion = 1;
	classes = {
	};
	objectVersion = 55;
	objects = {

/* Begin PBXBuildFile section */
		BD09209C28AD584700457258 /* AppDelegate.swift in Sources */ = {isa = PBXBuildFile; fileRef = BD09209B28AD584700457258 /* AppDelegate.swift */; };
		BD09209E28AD584700457258 /* SceneDelegate.swift in Sources */ = {isa = PBXBuildFile; fileRef = BD09209D28AD584700457258 /* SceneDelegate.swift */; };
		BD0920A028AD584700457258 /* ViewController.swift in Sources */ = {isa = PBXBuildFile; fileRef = BD09209F28AD584700457258 /* ViewController.swift */; };
		BD0920A328AD584700457258 /* Main.storyboard in Resources */ = {isa = PBXBuildFile; fileRef = BD0920A128AD584700457258 /* Main.storyboard */; };
		BD0920A628AD584700457258 /* gifViewPractice.xcdatamodeld in Sources */ = {isa = PBXBuildFile; fileRef = BD0920A428AD584700457258 /* gifViewPractice.xcdatamodeld */; };
		BD0920A828AD584A00457258 /* Assets.xcassets in Resources */ = {isa = PBXBuildFile; fileRef = BD0920A728AD584A00457258 /* Assets.xcassets */; };
		BD0920AB28AD584A00457258 /* LaunchScreen.storyboard in Resources */ = {isa = PBXBuildFile; fileRef = BD0920A928AD584A00457258 /* LaunchScreen.storyboard */; };
		BD0920B528AD5AF800457258 /* Confetti-GIf.gif in Resources */ = {isa = PBXBuildFile; fileRef = BD0920B428AD5AF800457258 /* Confetti-GIf.gif */; };
		BD0920B728AD5C1500457258 /* gifLoader.swift in Sources */ = {isa = PBXBuildFile; fileRef = BD0920B628AD5C1500457258 /* gifLoader.swift */; };
/* End PBXBuildFile section */

/* Begin PBXFileReference section */
		BD09209828AD584700457258 /* gifViewPractice.app */ = {isa = PBXFileReference; explicitFileType = wrapper.application; includeInIndex = 0; path = gifViewPractice.app; sourceTree = BUILT_PRODUCTS_DIR; };
		BD09209B28AD584700457258 /* AppDelegate.swift */ = {isa = PBXFileReference; lastKnownFileType = sourcecode.swift; path = AppDelegate.swift; sourceTree = "<group>"; };
		BD09209D28AD584700457258 /* SceneDelegate.swift */ = {isa = PBXFileReference; lastKnownFileType = sourcecode.swift; path = SceneDelegate.swift; sourceTree = "<group>"; };
		BD09209F28AD584700457258 /* ViewController.swift */ = {isa = PBXFileReference; lastKnownFileType = sourcecode.swift; path = ViewController.swift; sourceTree = "<group>"; };
		BD0920A228AD584700457258 /* Base */ = {isa = PBXFileReference; lastKnownFileType = file.storyboard; name = Base; path = Base.lproj/Main.storyboard; sourceTree = "<group>"; };
		BD0920A528AD584700457258 /* gifViewPractice.xcdatamodel */ = {isa = PBXFileReference; lastKnownFileType = wrapper.xcdatamodel; path = gifViewPractice.xcdatamodel; sourceTree = "<group>"; };
		BD0920A728AD584A00457258 /* Assets.xcassets */ = {isa = PBXFileReference; lastKnownFileType = folder.assetcatalog; path = Assets.xcassets; sourceTree = "<group>"; };
		BD0920AA28AD584A00457258 /* Base */ = {isa = PBXFileReference; lastKnownFileType = file.storyboard; name = Base; path = Base.lproj/LaunchScreen.storyboard; sourceTree = "<group>"; };
		BD0920AC28AD584A00457258 /* Info.plist */ = {isa = PBXFileReference; lastKnownFileType = text.plist.xml; path = Info.plist; sourceTree = "<group>"; };
		BD0920B428AD5AF800457258 /* Confetti-GIf.gif */ = {isa = PBXFileReference; lastKnownFileType = image.gif; name = "Confetti-GIf.gif"; path = "../../../../Confetti-GIf.gif"; sourceTree = "<group>"; };
		BD0920B628AD5C1500457258 /* gifLoader.swift */ = {isa = PBXFileReference; lastKnownFileType = sourcecode.swift; path = gifLoader.swift; sourceTree = "<group>"; };
/* End PBXFileReference section */

/* Begin PBXFrameworksBuildPhase section */
		BD09209528AD584700457258 /* Frameworks */ = {
			isa = PBXFrameworksBuildPhase;
			buildActionMask = 2147483647;
			files = (
			);
			runOnlyForDeploymentPostprocessing = 0;
		};
/* End PBXFrameworksBuildPhase section */

/* Begin PBXGroup section */
		BD09208F28AD584700457258 = {
			isa = PBXGroup;
			children = (
				BD09209A28AD584700457258 /* gifViewPractice */,
				BD09209928AD584700457258 /* Products */,
			);
			sourceTree = "<group>";
		};
		BD09209928AD584700457258 /* Products */ = {
			isa = PBXGroup;
			children = (
				BD09209828AD584700457258 /* gifViewPractice.app */,
			);
			name = Products;
			sourceTree = "<group>";
		};
		BD09209A28AD584700457258 /* gifViewPractice */ = {
			isa = PBXGroup;
			children = (
				BD09209B28AD584700457258 /* AppDelegate.swift */,
				BD09209D28AD584700457258 /* SceneDelegate.swift */,
				BD09209F28AD584700457258 /* ViewController.swift */,
				BD0920B628AD5C1500457258 /* gifLoader.swift */,
				BD0920A128AD584700457258 /* Main.storyboard */,
				BD0920A728AD584A00457258 /* Assets.xcassets */,
				BD0920A928AD584A00457258 /* LaunchScreen.storyboard */,
				BD0920AC28AD584A00457258 /* Info.plist */,
				BD0920A428AD584700457258 /* gifViewPractice.xcdatamodeld */,
				BD0920B428AD5AF800457258 /* Confetti-GIf.gif */,
			);
			path = gifViewPractice;
			sourceTree = "<group>";
		};
/* End PBXGroup section */

/* Begin PBXNativeTarget section */
		BD09209728AD584700457258 /* gifViewPractice */ = {
			isa = PBXNativeTarget;
			buildConfigurationList = BD0920AF28AD584A00457258 /* Build configuration list for PBXNativeTarget "gifViewPractice" */;
			buildPhases = (
				BD09209428AD584700457258 /* Sources */,
				BD09209528AD584700457258 /* Frameworks */,
				BD09209628AD584700457258 /* Resources */,
			);
			buildRules = (
			);
			dependencies = (
			);
			name = gifViewPractice;
			productName = gifViewPractice;
			productReference = BD09209828AD584700457258 /* gifViewPractice.app */;
			productType = "com.apple.product-type.application";
		};
/* End PBXNativeTarget section */

/* Begin PBXProject section */
		BD09209028AD584700457258 /* Project object */ = {
			isa = PBXProject;
			attributes = {
				BuildIndependentTargetsInParallel = 1;
				LastSwiftUpdateCheck = 1340;
				LastUpgradeCheck = 1340;
				TargetAttributes = {
					BD09209728AD584700457258 = {
						CreatedOnToolsVersion = 13.4.1;
					};
				};
			};
			buildConfigurationList = BD09209328AD584700457258 /* Build configuration list for PBXProject "gifViewPractice" */;
			compatibilityVersion = "Xcode 13.0";
			developmentRegion = en;
			hasScannedForEncodings = 0;
			knownRegions = (
				en,
				Base,
			);
			mainGroup = BD09208F28AD584700457258;
			productRefGroup = BD09209928AD584700457258 /* Products */;
			projectDirPath = "";
			projectRoot = "";
			targets = (
				BD09209728AD584700457258 /* gifViewPractice */,
			);
		};
/* End PBXProject section */

/* Begin PBXResourcesBuildPhase section */
		BD09209628AD584700457258 /* Resources */ = {
			isa = PBXResourcesBuildPhase;
			buildActionMask = 2147483647;
			files = (
				BD0920AB28AD584A00457258 /* LaunchScreen.storyboard in Resources */,
				BD0920A828AD584A00457258 /* Assets.xcassets in Resources */,
				BD0920A328AD584700457258 /* Main.storyboard in Resources */,
				BD0920B528AD5AF800457258 /* Confetti-GIf.gif in Resources */,
			);
			runOnlyForDeploymentPostprocessing = 0;
		};
/* End PBXResourcesBuildPhase section */

/* Begin PBXSourcesBuildPhase section */
		BD09209428AD584700457258 /* Sources */ = {
			isa = PBXSourcesBuildPhase;
			buildActionMask = 2147483647;
			files = (
				BD0920A628AD584700457258 /* gifViewPractice.xcdatamodeld in Sources */,
				BD0920B728AD5C1500457258 /* gifLoader.swift in Sources */,
				BD0920A028AD584700457258 /* ViewController.swift in Sources */,
				BD09209C28AD584700457258 /* AppDelegate.swift in Sources */,
				BD09209E28AD584700457258 /* SceneDelegate.swift in Sources */,
			);
			runOnlyForDeploymentPostprocessing = 0;
		};
/* End PBXSourcesBuildPhase section */

/* Begin PBXVariantGroup section */
		BD0920A128AD584700457258 /* Main.storyboard */ = {
			isa = PBXVariantGroup;
			children = (
				BD0920A228AD584700457258 /* Base */,
			);
			name = Main.storyboard;
			sourceTree = "<group>";
		};
		BD0920A928AD584A00457258 /* LaunchScreen.storyboard */ = {
			isa = PBXVariantGroup;
			children = (
				BD0920AA28AD584A00457258 /* Base */,
			);
			name = LaunchScreen.storyboard;
			sourceTree = "<group>";
		};
/* End PBXVariantGroup section */

/* Begin XCBuildConfiguration section */
		BD0920AD28AD584A00457258 /* Debug */ = {
			isa = XCBuildConfiguration;
			buildSettings = {
				ALWAYS_SEARCH_USER_PATHS = NO;
				CLANG_ANALYZER_NONNULL = YES;
				CLANG_ANALYZER_NUMBER_OBJECT_CONVERSION = YES_AGGRESSIVE;
				CLANG_CXX_LANGUAGE_STANDARD = "gnu++17";
				CLANG_ENABLE_MODULES = YES;
				CLANG_ENABLE_OBJC_ARC = YES;
				CLANG_ENABLE_OBJC_WEAK = YES;
				CLANG_WARN_BLOCK_CAPTURE_AUTORELEASING = YES;
				CLANG_WARN_BOOL_CONVERSION = YES;
				CLANG_WARN_COMMA = YES;
				CLANG_WARN_CONSTANT_CONVERSION = YES;
				CLANG_WARN_DEPRECATED_OBJC_IMPLEMENTATIONS = YES;
				CLANG_WARN_DIRECT_OBJC_ISA_USAGE = YES_ERROR;
				CLANG_WARN_DOCUMENTATION_COMMENTS = YES;
				CLANG_WARN_EMPTY_BODY = YES;
				CLANG_WARN_ENUM_CONVERSION = YES;
				CLANG_WARN_INFINITE_RECURSION = YES;
				CLANG_WARN_INT_CONVERSION = YES;
				CLANG_WARN_NON_LITERAL_NULL_CONVERSION = YES;
				CLANG_WARN_OBJC_IMPLICIT_RETAIN_SELF = YES;
				CLANG_WARN_OBJC_LITERAL_CONVERSION = YES;
				CLANG_WARN_OBJC_ROOT_CLASS = YES_ERROR;
				CLANG_WARN_QUOTED_INCLUDE_IN_FRAMEWORK_HEADER = YES;
				CLANG_WARN_RANGE_LOOP_ANALYSIS = YES;
				CLANG_WARN_STRICT_PROTOTYPES = YES;
				CLANG_WARN_SUSPICIOUS_MOVE = YES;
				CLANG_WARN_UNGUARDED_AVAILABILITY = YES_AGGRESSIVE;
				CLANG_WARN_UNREACHABLE_CODE = YES;
				CLANG_WARN__DUPLICATE_METHOD_MATCH = YES;
				COPY_PHASE_STRIP = NO;
				DEBUG_INFORMATION_FORMAT = dwarf;
				ENABLE_STRICT_OBJC_MSGSEND = YES;
				ENABLE_TESTABILITY = YES;
				GCC_C_LANGUAGE_STANDARD = gnu11;
				GCC_DYNAMIC_NO_PIC = NO;
				GCC_NO_COMMON_BLOCKS = YES;
				GCC_OPTIMIZATION_LEVEL = 0;
				GCC_PREPROCESSOR_DEFINITIONS = (
					"DEBUG=1",
					"$(inherited)",
				);
				GCC_WARN_64_TO_32_BIT_CONVERSION = YES;
				GCC_WARN_ABOUT_RETURN_TYPE = YES_ERROR;
				GCC_WARN_UNDECLARED_SELECTOR = YES;
				GCC_WARN_UNINITIALIZED_AUTOS = YES_AGGRESSIVE;
				GCC_WARN_UNUSED_FUNCTION = YES;
				GCC_WARN_UNUSED_VARIABLE = YES;
				IPHONEOS_DEPLOYMENT_TARGET = 15.5;
				MTL_ENABLE_DEBUG_INFO = INCLUDE_SOURCE;
				MTL_FAST_MATH = YES;
				ONLY_ACTIVE_ARCH = YES;
				SDKROOT = iphoneos;
				SWIFT_ACTIVE_COMPILATION_CONDITIONS = DEBUG;
				SWIFT_OPTIMIZATION_LEVEL = "-Onone";
			};
			name = Debug;
		};
		BD0920AE28AD584A00457258 /* Release */ = {
			isa = XCBuildConfiguration;
			buildSettings = {
				ALWAYS_SEARCH_USER_PATHS = NO;
				CLANG_ANALYZER_NONNULL = YES;
				CLANG_ANALYZER_NUMBER_OBJECT_CONVERSION = YES_AGGRESSIVE;
				CLANG_CXX_LANGUAGE_STANDARD = "gnu++17";
				CLANG_ENABLE_MODULES = YES;
				CLANG_ENABLE_OBJC_ARC = YES;
				CLANG_ENABLE_OBJC_WEAK = YES;
				CLANG_WARN_BLOCK_CAPTURE_AUTORELEASING = YES;
				CLANG_WARN_BOOL_CONVERSION = YES;
				CLANG_WARN_COMMA = YES;
				CLANG_WARN_CONSTANT_CONVERSION = YES;
				CLANG_WARN_DEPRECATED_OBJC_IMPLEMENTATIONS = YES;
				CLANG_WARN_DIRECT_OBJC_ISA_USAGE = YES_ERROR;
				CLANG_WARN_DOCUMENTATION_COMMENTS = YES;
				CLANG_WARN_EMPTY_BODY = YES;
				CLANG_WARN_ENUM_CONVERSION = YES;
				CLANG_WARN_INFINITE_RECURSION = YES;
				CLANG_WARN_INT_CONVERSION = YES;
				CLANG_WARN_NON_LITERAL_NULL_CONVERSION = YES;
				CLANG_WARN_OBJC_IMPLICIT_RETAIN_SELF = YES;
				CLANG_WARN_OBJC_LITERAL_CONVERSION = YES;
				CLANG_WARN_OBJC_ROOT_CLASS = YES_ERROR;
				CLANG_WARN_QUOTED_INCLUDE_IN_FRAMEWORK_HEADER = YES;
				CLANG_WARN_RANGE_LOOP_ANALYSIS = YES;
				CLANG_WARN_STRICT_PROTOTYPES = YES;
				CLANG_WARN_SUSPICIOUS_MOVE = YES;
				CLANG_WARN_UNGUARDED_AVAILABILITY = YES_AGGRESSIVE;
				CLANG_WARN_UNREACHABLE_CODE = YES;
				CLANG_WARN__DUPLICATE_METHOD_MATCH = YES;
				COPY_PHASE_STRIP = NO;
				DEBUG_INFORMATION_FORMAT = "dwarf-with-dsym";
				ENABLE_NS_ASSERTIONS = NO;
				ENABLE_STRICT_OBJC_MSGSEND = YES;
				GCC_C_LANGUAGE_STANDARD = gnu11;
				GCC_NO_COMMON_BLOCKS = YES;
				GCC_WARN_64_TO_32_BIT_CONVERSION = YES;
				GCC_WARN_ABOUT_RETURN_TYPE = YES_ERROR;
				GCC_WARN_UNDECLARED_SELECTOR = YES;
				GCC_WARN_UNINITIALIZED_AUTOS = YES_AGGRESSIVE;
				GCC_WARN_UNUSED_FUNCTION = YES;
				GCC_WARN_UNUSED_VARIABLE = YES;
				IPHONEOS_DEPLOYMENT_TARGET = 15.5;
				MTL_ENABLE_DEBUG_INFO = NO;
				MTL_FAST_MATH = YES;
				SDKROOT = iphoneos;
				SWIFT_COMPILATION_MODE = wholemodule;
				SWIFT_OPTIMIZATION_LEVEL = "-O";
				VALIDATE_PRODUCT = YES;
			};
			name = Release;
		};
		BD0920B028AD584A00457258 /* Debug */ = {
			isa = XCBuildConfiguration;
			buildSettings = {
				ASSETCATALOG_COMPILER_APPICON_NAME = AppIcon;
				ASSETCATALOG_COMPILER_GLOBAL_ACCENT_COLOR_NAME = AccentColor;
				CODE_SIGN_STYLE = Automatic;
				CURRENT_PROJECT_VERSION = 1;
				GENERATE_INFOPLIST_FILE = YES;
				INFOPLIST_FILE = gifViewPractice/Info.plist;
				INFOPLIST_KEY_UIApplicationSupportsIndirectInputEvents = YES;
				INFOPLIST_KEY_UILaunchStoryboardName = LaunchScreen;
				INFOPLIST_KEY_UIMainStoryboardFile = Main;
				INFOPLIST_KEY_UISupportedInterfaceOrientations_iPad = "UIInterfaceOrientationPortrait UIInterfaceOrientationPortraitUpsideDown UIInterfaceOrientationLandscapeLeft UIInterfaceOrientationLandscapeRight";
				INFOPLIST_KEY_UISupportedInterfaceOrientations_iPhone = "UIInterfaceOrientationPortrait UIInterfaceOrientationLandscapeLeft UIInterfaceOrientationLandscapeRight";
				LD_RUNPATH_SEARCH_PATHS = (
					"$(inherited)",
					"@executable_path/Frameworks",
				);
				MARKETING_VERSION = 1.0;
				PRODUCT_BUNDLE_IDENTIFIER = KWK.gifViewPractice;
				PRODUCT_NAME = "$(TARGET_NAME)";
				SWIFT_EMIT_LOC_STRINGS = YES;
				SWIFT_VERSION = 5.0;
				TARGETED_DEVICE_FAMILY = "1,2";
			};
			name = Debug;
		};
		BD0920B128AD584A00457258 /* Release */ = {
			isa = XCBuildConfiguration;
			buildSettings = {
				ASSETCATALOG_COMPILER_APPICON_NAME = AppIcon;
				ASSETCATALOG_COMPILER_GLOBAL_ACCENT_COLOR_NAME = AccentColor;
				CODE_SIGN_STYLE = Automatic;
				CURRENT_PROJECT_VERSION = 1;
				GENERATE_INFOPLIST_FILE = YES;
				INFOPLIST_FILE = gifViewPractice/Info.plist;
				INFOPLIST_KEY_UIApplicationSupportsIndirectInputEvents = YES;
				INFOPLIST_KEY_UILaunchStoryboardName = LaunchScreen;
				INFOPLIST_KEY_UIMainStoryboardFile = Main;
				INFOPLIST_KEY_UISupportedInterfaceOrientations_iPad = "UIInterfaceOrientationPortrait UIInterfaceOrientationPortraitUpsideDown UIInterfaceOrientationLandscapeLeft UIInterfaceOrientationLandscapeRight";
				INFOPLIST_KEY_UISupportedInterfaceOrientations_iPhone = "UIInterfaceOrientationPortrait UIInterfaceOrientationLandscapeLeft UIInterfaceOrientationLandscapeRight";
				LD_RUNPATH_SEARCH_PATHS = (
					"$(inherited)",
					"@executable_path/Frameworks",
				);
				MARKETING_VERSION = 1.0;
				PRODUCT_BUNDLE_IDENTIFIER = KWK.gifViewPractice;
				PRODUCT_NAME = "$(TARGET_NAME)";
				SWIFT_EMIT_LOC_STRINGS = YES;
				SWIFT_VERSION = 5.0;
				TARGETED_DEVICE_FAMILY = "1,2";
			};
			name = Release;
		};
/* End XCBuildConfiguration section */

/* Begin XCConfigurationList section */
		BD09209328AD584700457258 /* Build configuration list for PBXProject "gifViewPractice" */ = {
			isa = XCConfigurationList;
			buildConfigurations = (
				BD0920AD28AD584A00457258 /* Debug */,
				BD0920AE28AD584A00457258 /* Release */,
			);
			defaultConfigurationIsVisible = 0;
			defaultConfigurationName = Release;
		};
		BD0920AF28AD584A00457258 /* Build configuration list for PBXNativeTarget "gifViewPractice" */ = {
			isa = XCConfigurationList;
			buildConfigurations = (
				BD0920B028AD584A00457258 /* Debug */,
				BD0920B128AD584A00457258 /* Release */,
			);
			defaultConfigurationIsVisible = 0;
			defaultConfigurationName = Release;
		};
/* End XCConfigurationList section */

/* Begin XCVersionGroup section */
		BD0920A428AD584700457258 /* gifViewPractice.xcdatamodeld */ = {
			isa = XCVersionGroup;
			children = (
				BD0920A528AD584700457258 /* gifViewPractice.xcdatamodel */,
			);
			currentVersion = BD0920A528AD584700457258 /* gifViewPractice.xcdatamodel */;
			path = gifViewPractice.xcdatamodeld;
			sourceTree = "<group>";
			versionGroupType = wrapper.xcdatamodel;
		};
/* End XCVersionGroup section */
	};
	rootObject = BD09209028AD584700457258 /* Project object */;
}
